
Microsoft Visual Studio Solution File, Format Version 12.00
# Visual Studio 2013
VisualStudioVersion = 12.0.40629.0
MinimumVisualStudioVersion = 10.0.40219.1
Project("{FAE04EC0-301F-11D3-BF4B-00C04F79EFBC}") = "KEVIN.MVC.STORE", "KEVIN.MVC.STORE\KEVIN.MVC.STORE.csproj", "{ECB68616-3989-4524-8B23-8EF61F9CC5EC}"
EndProject
Project("{FAE04EC0-301F-11D3-BF4B-00C04F79EFBC}") = "KEVIN.MVC.INTERFACE", "KEVIN.MVC.INTERFACE\KEVIN.MVC.INTERFACE.csproj", "{575171C7-71D2-4686-88DA-8BBFFAB1BA86}"
EndProject
Project("{FAE04EC0-301F-11D3-BF4B-00C04F79EFBC}") = "KEVIN.MVC.SERVICE", "KEVIN.MVC.SERVICE\KEVIN.MVC.SERVICE.csproj", "{C9D269A4-8F3F-422D-8887-B04D9B248D1D}"
EndProject
Project("{FAE04EC0-301F-11D3-BF4B-00C04F79EFBC}") = "KEVIN.MVC.COMMON", "KEVIN.MVC.COMM\KEVIN.MVC.COMMON.csproj", "{CE75BBDE-DB26-49D8-BD4D-6809D73F7A0C}"
EndProject
Project("{FAE04EC0-301F-11D3-BF4B-00C04F79EFBC}") = "KEVIN.MVC.REPOSITORY", "KEVIN.MVC.REPOS\KEVIN.MVC.REPOSITORY.csproj", "{F7524DF6-A151-4B13-83BE-3C0640B385ED}"
EndProject
Project("{FAE04EC0-301F-11D3-BF4B-00C04F79EFBC}") = "KEVIN.MVC.MODEL", "KEVIN.MVC.MODEL\KEVIN.MVC.MODEL.csproj", "{2483346A-D787-4142-911D-E8400EA7E401}"
EndProject
Global
	GlobalSection(SolutionConfigurationPlatforms) = preSolution
		Debug|Any CPU = Debug|Any CPU
		Release|Any CPU = Release|Any CPU
	EndGlobalSection
	GlobalSection(ProjectConfigurationPlatforms) = postSolution
		{ECB68616-3989-4524-8B23-8EF61F9CC5EC}.Debug|Any CPU.ActiveCfg = Debug|Any CPU
		{ECB68616-3989-4524-8B23-8EF61F9CC5EC}.Debug|Any CPU.Build.0 = Debug|Any CPU
		{ECB68616-3989-4524-8B23-8EF61F9CC5EC}.Release|Any CPU.ActiveCfg = Release|Any CPU
		{ECB68616-3989-4524-8B23-8EF61F9CC5EC}.Release|Any CPU.Build.0 = Release|Any CPU
		{575171C7-71D2-4686-88DA-8BBFFAB1BA86}.Debug|Any CPU.ActiveCfg = Debug|Any CPU
		{575171C7-71D2-4686-88DA-8BBFFAB1BA86}.Debug|Any CPU.Build.0 = Debug|Any CPU
		{575171C7-71D2-4686-88DA-8BBFFAB1BA86}.Release|Any CPU.ActiveCfg = Release|Any CPU
		{575171C7-71D2-4686-88DA-8BBFFAB1BA86}.Release|Any CPU.Build.0 = Release|Any CPU
		{C9D269A4-8F3F-422D-8887-B04D9B248D1D}.Debug|Any CPU.ActiveCfg = Debug|Any CPU
		{C9D269A4-8F3F-422D-8887-B04D9B248D1D}.Debug|Any CPU.Build.0 = Debug|Any CPU
		{C9D269A4-8F3F-422D-8887-B04D9B248D1D}.Release|Any CPU.ActiveCfg = Release|Any CPU
		{C9D269A4-8F3F-422D-8887-B04D9B248D1D}.Release|Any CPU.Build.0 = Release|Any CPU
		{CE75BBDE-DB26-49D8-BD4D-6809D73F7A0C}.Debug|Any CPU.ActiveCfg = Debug|Any CPU
		{CE75BBDE-DB26-49D8-BD4D-6809D73F7A0C}.Debug|Any CPU.Build.0 = Debug|Any CPU
		{CE75BBDE-DB26-49D8-BD4D-6809D73F7A0C}.Release|Any CPU.ActiveCfg = Release|Any CPU
		{CE75BBDE-DB26-49D8-BD4D-6809D73F7A0C}.Release|Any CPU.Build.0 = Release|Any CPU
		{F7524DF6-A151-4B13-83BE-3C0640B385ED}.Debug|Any CPU.ActiveCfg = Debug|Any CPU
		{F7524DF6-A151-4B13-83BE-3C0640B385ED}.Debug|Any CPU.Build.0 = Debug|Any CPU
		{F7524DF6-A151-4B13-83BE-3C0640B385ED}.Release|Any CPU.ActiveCfg = Release|Any CPU
		{F7524DF6-A151-4B13-83BE-3C0640B385ED}.Release|Any CPU.Build.0 = Release|Any CPU
		{2483346A-D787-4142-911D-E8400EA7E401}.Debug|Any CPU.ActiveCfg = Debug|Any CPU
		{2483346A-D787-4142-911D-E8400EA7E401}.Debug|Any CPU.Build.0 = Debug|Any CPU
		{2483346A-D787-4142-911D-E8400EA7E401}.Release|Any CPU.ActiveCfg = Release|Any CPU
		{2483346A-D787-4142-911D-E8400EA7E401}.Release|Any CPU.Build.0 = Release|Any CPU
	EndGlobalSection
	GlobalSection(SolutionProperties) = preSolution
		HideSolutionNode = FALSE
	EndGlobalSection
EndGlobal
